
Microsoft Visual Studio Solution File, Format Version 12.00
# Visual Studio Version 17
VisualStudioVersion = 17.14.36127.28 d17.14
MinimumVisualStudioVersion = 10.0.40219.1
Project("{FAE04EC0-301F-11D3-BF4B-00C04F79EFBC}") = "Calculator.cs", "Calculator.cs\Calculator.cs.csproj", "{E2494F7C-6CA4-4DC3-81FE-4BA16CC7FF39}"
EndProject
Global
	GlobalSection(SolutionConfigurationPlatforms) = preSolution
		Debug|Any CPU = Debug|Any CPU
		Release|Any CPU = Release|Any CPU
	EndGlobalSection
	GlobalSection(ProjectConfigurationPlatforms) = postSolution
		{E2494F7C-6CA4-4DC3-81FE-4BA16CC7FF39}.Debug|Any CPU.ActiveCfg = Debug|Any CPU
		{E2494F7C-6CA4-4DC3-81FE-4BA16CC7FF39}.Debug|Any CPU.Build.0 = Debug|Any CPU
		{E2494F7C-6CA4-4DC3-81FE-4BA16CC7FF39}.Release|Any CPU.ActiveCfg = Release|Any CPU
		{E2494F7C-6CA4-4DC3-81FE-4BA16CC7FF39}.Release|Any CPU.Build.0 = Release|Any CPU
	EndGlobalSection
	GlobalSection(SolutionProperties) = preSolution
		HideSolutionNode = FALSE
	EndGlobalSection
	GlobalSection(ExtensibilityGlobals) = postSolution
		SolutionGuid = {E273A292-3078-4774-AA0E-2FF9A7FE90ED}
	EndGlobalSection
EndGlobal
